
Microsoft Visual Studio Solution File, Format Version 12.00
# Visual Studio Version 17
VisualStudioVersion = 17.5.33530.505
MinimumVisualStudioVersion = 10.0.40219.1
Project("{FAE04EC0-301F-11D3-BF4B-00C04F79EFBC}") = "ModelingSystems1", "ModelingSystems1.csproj", "{71F1DDED-15A6-46E5-9355-5796EB6F7509}"
EndProject
Global
	GlobalSection(SolutionConfigurationPlatforms) = preSolution
		Debug|Any CPU = Debug|Any CPU
		Release|Any CPU = Release|Any CPU
	EndGlobalSection
	GlobalSection(ProjectConfigurationPlatforms) = postSolution
		{71F1DDED-15A6-46E5-9355-5796EB6F7509}.Debug|Any CPU.ActiveCfg = Debug|Any CPU
		{71F1DDED-15A6-46E5-9355-5796EB6F7509}.Debug|Any CPU.Build.0 = Debug|Any CPU
		{71F1DDED-15A6-46E5-9355-5796EB6F7509}.Release|Any CPU.ActiveCfg = Release|Any CPU
		{71F1DDED-15A6-46E5-9355-5796EB6F7509}.Release|Any CPU.Build.0 = Release|Any CPU
	EndGlobalSection
	GlobalSection(SolutionProperties) = preSolution
		HideSolutionNode = FALSE
	EndGlobalSection
	GlobalSection(ExtensibilityGlobals) = postSolution
		SolutionGuid = {2B97F074-DBE8-4897-9105-59F66CE1B9A6}
	EndGlobalSection
EndGlobal
